{
  "object": {
    "pins": [
      {
        "package": "PHFDelegateChain",
        "repositoryURL": "https://github.com/mmllr/PHFDelegateChain.git",
        "state": {
          "branch": null,
          "revision": "f2ec82f250631adef058ac97a19387fd40445caa",
          "version": "1.0.2"
        }
      }
    ]
  },
  "version": 1
}
